// !$*UTF8*$!
{
	archiveVersion = 1;
	classes = {
	};
	objectVersion = 46;
	objects = {

/* Begin PBXBuildFile section */
		FD25AC5F1EBBAA5E00A01A1D /* AppDelegate.swift in Sources */ = {isa = PBXBuildFile; fileRef = FD25AC5E1EBBAA5E00A01A1D /* AppDelegate.swift */; };
		FD25AC611EBBAA5E00A01A1D /* ViewController.swift in Sources */ = {isa = PBXBuildFile; fileRef = FD25AC601EBBAA5E00A01A1D /* ViewController.swift */; };
		FD25AC641EBBAA5E00A01A1D /* Main.storyboard in Resources */ = {isa = PBXBuildFile; fileRef = FD25AC621EBBAA5E00A01A1D /* Main.storyboard */; };
		FD25AC661EBBAA5F00A01A1D /* Assets.xcassets in Resources */ = {isa = PBXBuildFile; fileRef = FD25AC651EBBAA5F00A01A1D /* Assets.xcassets */; };
		FD25AC691EBBAA5F00A01A1D /* LaunchScreen.storyboard in Resources */ = {isa = PBXBuildFile; fileRef = FD25AC671EBBAA5F00A01A1D /* LaunchScreen.storyboard */; };
		FD25AC711EBBB40400A01A1D /* CategoryCell.swift in Sources */ = {isa = PBXBuildFile; fileRef = FD25AC701EBBB40400A01A1D /* CategoryCell.swift */; };
/* End PBXBuildFile section */

/* Begin PBXFileReference section */
		FD25AC5B1EBBAA5E00A01A1D /* AppStore.app */ = {isa = PBXFileReference; explicitFileType = wrapper.application; includeInIndex = 0; path = AppStore.app; sourceTree = BUILT_PRODUCTS_DIR; };
		FD25AC5E1EBBAA5E00A01A1D /* AppDelegate.swift */ = {isa = PBXFileReference; lastKnownFileType = sourcecode.swift; path = AppDelegate.swift; sourceTree = "<group>"; };
		FD25AC601EBBAA5E00A01A1D /* ViewController.swift */ = {isa = PBXFileReference; lastKnownFileType = sourcecode.swift; path = ViewController.swift; sourceTree = "<group>"; };
		FD25AC631EBBAA5E00A01A1D /* Base */ = {isa = PBXFileReference; lastKnownFileType = file.storyboard; name = Base; path = Base.lproj/Main.storyboard; sourceTree = "<group>"; };
		FD25AC651EBBAA5F00A01A1D /* Assets.xcassets */ = {isa = PBXFileReference; lastKnownFileType = folder.assetcatalog; path = Assets.xcassets; sourceTree = "<group>"; };
		FD25AC681EBBAA5F00A01A1D /* Base */ = {isa = PBXFileReference; lastKnownFileType = file.storyboard; name = Base; path = Base.lproj/LaunchScreen.storyboard; sourceTree = "<group>"; };
		FD25AC6A1EBBAA5F00A01A1D /* Info.plist */ = {isa = PBXFileReference; lastKnownFileType = text.plist.xml; path = Info.plist; sourceTree = "<group>"; };
		FD25AC701EBBB40400A01A1D /* CategoryCell.swift */ = {isa = PBXFileReference; fileEncoding = 4; lastKnownFileType = sourcecode.swift; path = CategoryCell.swift; sourceTree = "<group>"; };
/* End PBXFileReference section */

/* Begin PBXFrameworksBuildPhase section */
		FD25AC581EBBAA5D00A01A1D /* Frameworks */ = {
			isa = PBXFrameworksBuildPhase;
			buildActionMask = 2147483647;
			files = (
			);
			runOnlyForDeploymentPostprocessing = 0;
		};
/* End PBXFrameworksBuildPhase section */

/* Begin PBXGroup section */
		FD25AC521EBBAA5D00A01A1D = {
			isa = PBXGroup;
			children = (
				FD25AC5D1EBBAA5E00A01A1D /* AppStore */,
				FD25AC5C1EBBAA5E00A01A1D /* Products */,
			);
			sourceTree = "<group>";
		};
		FD25AC5C1EBBAA5E00A01A1D /* Products */ = {
			isa = PBXGroup;
			children = (
				FD25AC5B1EBBAA5E00A01A1D /* AppStore.app */,
			);
			name = Products;
			sourceTree = "<group>";
		};
		FD25AC5D1EBBAA5E00A01A1D /* AppStore */ = {
			isa = PBXGroup;
			children = (
				FD25AC701EBBB40400A01A1D /* CategoryCell.swift */,
				FD25AC5E1EBBAA5E00A01A1D /* AppDelegate.swift */,
				FD25AC601EBBAA5E00A01A1D /* ViewController.swift */,
				FD25AC621EBBAA5E00A01A1D /* Main.storyboard */,
				FD25AC651EBBAA5F00A01A1D /* Assets.xcassets */,
				FD25AC671EBBAA5F00A01A1D /* LaunchScreen.storyboard */,
				FD25AC6A1EBBAA5F00A01A1D /* Info.plist */,
			);
			path = AppStore;
			sourceTree = "<group>";
		};
/* End PBXGroup section */

/* Begin PBXNativeTarget section */
		FD25AC5A1EBBAA5D00A01A1D /* AppStore */ = {
			isa = PBXNativeTarget;
			buildConfigurationList = FD25AC6D1EBBAA5F00A01A1D /* Build configuration list for PBXNativeTarget "AppStore" */;
			buildPhases = (
				FD25AC571EBBAA5D00A01A1D /* Sources */,
				FD25AC581EBBAA5D00A01A1D /* Frameworks */,
				FD25AC591EBBAA5D00A01A1D /* Resources */,
			);
			buildRules = (
			);
			dependencies = (
			);
			name = AppStore;
			productName = AppStore;
			productReference = FD25AC5B1EBBAA5E00A01A1D /* AppStore.app */;
			productType = "com.apple.product-type.application";
		};
/* End PBXNativeTarget section */

/* Begin PBXProject section */
		FD25AC531EBBAA5D00A01A1D /* Project object */ = {
			isa = PBXProject;
			attributes = {
				LastSwiftUpdateCheck = 0820;
				LastUpgradeCheck = 0820;
				ORGANIZATIONNAME = "Ankit Baid";
				TargetAttributes = {
					FD25AC5A1EBBAA5D00A01A1D = {
						CreatedOnToolsVersion = 8.2;
						ProvisioningStyle = Automatic;
					};
				};
			};
			buildConfigurationList = FD25AC561EBBAA5D00A01A1D /* Build configuration list for PBXProject "AppStore" */;
			compatibilityVersion = "Xcode 3.2";
			developmentRegion = English;
			hasScannedForEncodings = 0;
			knownRegions = (
				en,
				Base,
			);
			mainGroup = FD25AC521EBBAA5D00A01A1D;
			productRefGroup = FD25AC5C1EBBAA5E00A01A1D /* Products */;
			projectDirPath = "";
			projectRoot = "";
			targets = (
				FD25AC5A1EBBAA5D00A01A1D /* AppStore */,
			);
		};
/* End PBXProject section */

/* Begin PBXResourcesBuildPhase section */
		FD25AC591EBBAA5D00A01A1D /* Resources */ = {
			isa = PBXResourcesBuildPhase;
			buildActionMask = 2147483647;
			files = (
				FD25AC691EBBAA5F00A01A1D /* LaunchScreen.storyboard in Resources */,
				FD25AC661EBBAA5F00A01A1D /* Assets.xcassets in Resources */,
				FD25AC641EBBAA5E00A01A1D /* Main.storyboard in Resources */,
			);
			runOnlyForDeploymentPostprocessing = 0;
		};
/* End PBXResourcesBuildPhase section */

/* Begin PBXSourcesBuildPhase section */
		FD25AC571EBBAA5D00A01A1D /* Sources */ = {
			isa = PBXSourcesBuildPhase;
			buildActionMask = 2147483647;
			files = (
				FD25AC611EBBAA5E00A01A1D /* ViewController.swift in Sources */,
				FD25AC5F1EBBAA5E00A01A1D /* AppDelegate.swift in Sources */,
				FD25AC711EBBB40400A01A1D /* CategoryCell.swift in Sources */,
			);
			runOnlyForDeploymentPostprocessing = 0;
		};
/* End PBXSourcesBuildPhase section */

/* Begin PBXVariantGroup section */
		FD25AC621EBBAA5E00A01A1D /* Main.storyboard */ = {
			isa = PBXVariantGroup;
			children = (
				FD25AC631EBBAA5E00A01A1D /* Base */,
			);
			name = Main.storyboard;
			sourceTree = "<group>";
		};
		FD25AC671EBBAA5F00A01A1D /* LaunchScreen.storyboard */ = {
			isa = PBXVariantGroup;
			children = (
				FD25AC681EBBAA5F00A01A1D /* Base */,
			);
			name = LaunchScreen.storyboard;
			sourceTree = "<group>";
		};
/* End PBXVariantGroup section */

/* Begin XCBuildConfiguration section */
		FD25AC6B1EBBAA5F00A01A1D /* Debug */ = {
			isa = XCBuildConfiguration;
			buildSettings = {
				ALWAYS_SEARCH_USER_PATHS = NO;
				CLANG_ANALYZER_NONNULL = YES;
				CLANG_CXX_LANGUAGE_STANDARD = "gnu++0x";
				CLANG_CXX_LIBRARY = "libc++";
				CLANG_ENABLE_MODULES = YES;
				CLANG_ENABLE_OBJC_ARC = YES;
				CLANG_WARN_BOOL_CONVERSION = YES;
				CLANG_WARN_CONSTANT_CONVERSION = YES;
				CLANG_WARN_DIRECT_OBJC_ISA_USAGE = YES_ERROR;
				CLANG_WARN_DOCUMENTATION_COMMENTS = YES;
				CLANG_WARN_EMPTY_BODY = YES;
				CLANG_WARN_ENUM_CONVERSION = YES;
				CLANG_WARN_INFINITE_RECURSION = YES;
				CLANG_WARN_INT_CONVERSION = YES;
				CLANG_WARN_OBJC_ROOT_CLASS = YES_ERROR;
				CLANG_WARN_SUSPICIOUS_MOVE = YES;
				CLANG_WARN_UNREACHABLE_CODE = YES;
				CLANG_WARN__DUPLICATE_METHOD_MATCH = YES;
				"CODE_SIGN_IDENTITY[sdk=iphoneos*]" = "iPhone Developer";
				COPY_PHASE_STRIP = NO;
				DEBUG_INFORMATION_FORMAT = dwarf;
				ENABLE_STRICT_OBJC_MSGSEND = YES;
				ENABLE_TESTABILITY = YES;
				GCC_C_LANGUAGE_STANDARD = gnu99;
				GCC_DYNAMIC_NO_PIC = NO;
				GCC_NO_COMMON_BLOCKS = YES;
				GCC_OPTIMIZATION_LEVEL = 0;
				GCC_PREPROCESSOR_DEFINITIONS = (
					"DEBUG=1",
					"$(inherited)",
				);
				GCC_WARN_64_TO_32_BIT_CONVERSION = YES;
				GCC_WARN_ABOUT_RETURN_TYPE = YES_ERROR;
				GCC_WARN_UNDECLARED_SELECTOR = YES;
				GCC_WARN_UNINITIALIZED_AUTOS = YES_AGGRESSIVE;
				GCC_WARN_UNUSED_FUNCTION = YES;
				GCC_WARN_UNUSED_VARIABLE = YES;
				IPHONEOS_DEPLOYMENT_TARGET = 10.2;
				MTL_ENABLE_DEBUG_INFO = YES;
				ONLY_ACTIVE_ARCH = YES;
				SDKROOT = iphoneos;
				SWIFT_ACTIVE_COMPILATION_CONDITIONS = DEBUG;
				SWIFT_OPTIMIZATION_LEVEL = "-Onone";
				TARGETED_DEVICE_FAMILY = "1,2";
			};
			name = Debug;
		};
		FD25AC6C1EBBAA5F00A01A1D /* Release */ = {
			isa = XCBuildConfiguration;
			buildSettings = {
				ALWAYS_SEARCH_USER_PATHS = NO;
				CLANG_ANALYZER_NONNULL = YES;
				CLANG_CXX_LANGUAGE_STANDARD = "gnu++0x";
				CLANG_CXX_LIBRARY = "libc++";
				CLANG_ENABLE_MODULES = YES;
				CLANG_ENABLE_OBJC_ARC = YES;
				CLANG_WARN_BOOL_CONVERSION = YES;
				CLANG_WARN_CONSTANT_CONVERSION = YES;
				CLANG_WARN_DIRECT_OBJC_ISA_USAGE = YES_ERROR;
				CLANG_WARN_DOCUMENTATION_COMMENTS = YES;
				CLANG_WARN_EMPTY_BODY = YES;
				CLANG_WARN_ENUM_CONVERSION = YES;
				CLANG_WARN_INFINITE_RECURSION = YES;
				CLANG_WARN_INT_CONVERSION = YES;
				CLANG_WARN_OBJC_ROOT_CLASS = YES_ERROR;
				CLANG_WARN_SUSPICIOUS_MOVE = YES;
				CLANG_WARN_UNREACHABLE_CODE = YES;
				CLANG_WARN__DUPLICATE_METHOD_MATCH = YES;
				"CODE_SIGN_IDENTITY[sdk=iphoneos*]" = "iPhone Developer";
				COPY_PHASE_STRIP = NO;
				DEBUG_INFORMATION_FORMAT = "dwarf-with-dsym";
				ENABLE_NS_ASSERTIONS = NO;
				ENABLE_STRICT_OBJC_MSGSEND = YES;
				GCC_C_LANGUAGE_STANDARD = gnu99;
				GCC_NO_COMMON_BLOCKS = YES;
				GCC_WARN_64_TO_32_BIT_CONVERSION = YES;
				GCC_WARN_ABOUT_RETURN_TYPE = YES_ERROR;
				GCC_WARN_UNDECLARED_SELECTOR = YES;
				GCC_WARN_UNINITIALIZED_AUTOS = YES_AGGRESSIVE;
				GCC_WARN_UNUSED_FUNCTION = YES;
				GCC_WARN_UNUSED_VARIABLE = YES;
				IPHONEOS_DEPLOYMENT_TARGET = 10.2;
				MTL_ENABLE_DEBUG_INFO = NO;
				SDKROOT = iphoneos;
				SWIFT_OPTIMIZATION_LEVEL = "-Owholemodule";
				TARGETED_DEVICE_FAMILY = "1,2";
				VALIDATE_PRODUCT = YES;
			};
			name = Release;
		};
		FD25AC6E1EBBAA5F00A01A1D /* Debug */ = {
			isa = XCBuildConfiguration;
			buildSettings = {
				ASSETCATALOG_COMPILER_APPICON_NAME = AppIcon;
				INFOPLIST_FILE = AppStore/Info.plist;
				LD_RUNPATH_SEARCH_PATHS = "$(inherited) @executable_path/Frameworks";
				PRODUCT_BUNDLE_IDENTIFIER = abAnkitBaid.AppStore;
				PRODUCT_NAME = "$(TARGET_NAME)";
				SWIFT_VERSION = 3.0;
			};
			name = Debug;
		};
		FD25AC6F1EBBAA5F00A01A1D /* Release */ = {
			isa = XCBuildConfiguration;
			buildSettings = {
				ASSETCATALOG_COMPILER_APPICON_NAME = AppIcon;
				INFOPLIST_FILE = AppStore/Info.plist;
				LD_RUNPATH_SEARCH_PATHS = "$(inherited) @executable_path/Frameworks";
				PRODUCT_BUNDLE_IDENTIFIER = abAnkitBaid.AppStore;
				PRODUCT_NAME = "$(TARGET_NAME)";
				SWIFT_VERSION = 3.0;
			};
			name = Release;
		};
/* End XCBuildConfiguration section */

/* Begin XCConfigurationList section */
		FD25AC561EBBAA5D00A01A1D /* Build configuration list for PBXProject "AppStore" */ = {
			isa = XCConfigurationList;
			buildConfigurations = (
				FD25AC6B1EBBAA5F00A01A1D /* Debug */,
				FD25AC6C1EBBAA5F00A01A1D /* Release */,
			);
			defaultConfigurationIsVisible = 0;
			defaultConfigurationName = Release;
		};
		FD25AC6D1EBBAA5F00A01A1D /* Build configuration list for PBXNativeTarget "AppStore" */ = {
			isa = XCConfigurationList;
			buildConfigurations = (
				FD25AC6E1EBBAA5F00A01A1D /* Debug */,
				FD25AC6F1EBBAA5F00A01A1D /* Release */,
			);
			defaultConfigurationIsVisible = 0;
		};
/* End XCConfigurationList section */
	};
	rootObject = FD25AC531EBBAA5D00A01A1D /* Project object */;
}
